// !$*UTF8*$!
{
	archiveVersion = 1;
	classes = {
	};
	objectVersion = 56;
	objects = {

/* Begin PBXBuildFile section */
		6C0486AF2BA9FE280095BA8C /* DragonBallAppApp.swift in Sources */ = {isa = PBXBuildFile; fileRef = 6C0486AE2BA9FE280095BA8C /* DragonBallAppApp.swift */; };
		6C0486B32BA9FE2A0095BA8C /* Assets.xcassets in Resources */ = {isa = PBXBuildFile; fileRef = 6C0486B22BA9FE2A0095BA8C /* Assets.xcassets */; };
		6C0486B62BA9FE2A0095BA8C /* Preview Assets.xcassets in Resources */ = {isa = PBXBuildFile; fileRef = 6C0486B52BA9FE2A0095BA8C /* Preview Assets.xcassets */; };
		6C0486BE2BA9FFB90095BA8C /* NetworkManager.swift in Sources */ = {isa = PBXBuildFile; fileRef = 6C0486BD2BA9FFB90095BA8C /* NetworkManager.swift */; };
		6C0486C12BAA00270095BA8C /* DBZCharacter.swift in Sources */ = {isa = PBXBuildFile; fileRef = 6C0486C02BAA00270095BA8C /* DBZCharacter.swift */; };
		6C0486C42BAA01D40095BA8C /* DBViewModel.swift in Sources */ = {isa = PBXBuildFile; fileRef = 6C0486C32BAA01D40095BA8C /* DBViewModel.swift */; };
		6C0486C72BAA02E60095BA8C /* CharactersView.swift in Sources */ = {isa = PBXBuildFile; fileRef = 6C0486C62BAA02E60095BA8C /* CharactersView.swift */; };
		6C0486CA2BAA05260095BA8C /* Kingfisher in Frameworks */ = {isa = PBXBuildFile; productRef = 6C0486C92BAA05260095BA8C /* Kingfisher */; };
		6C0486CC2BAA07530095BA8C /* DBCharacterCellView.swift in Sources */ = {isa = PBXBuildFile; fileRef = 6C0486CB2BAA07530095BA8C /* DBCharacterCellView.swift */; };
		6C0486CE2BAA077E0095BA8C /* MockData.swift in Sources */ = {isa = PBXBuildFile; fileRef = 6C0486CD2BAA077E0095BA8C /* MockData.swift */; };
		6C0486D02BAA0B450095BA8C /* DBCharacterDetailView.swift in Sources */ = {isa = PBXBuildFile; fileRef = 6C0486CF2BAA0B450095BA8C /* DBCharacterDetailView.swift */; };
		6C0486D22BAA0BBC0095BA8C /* ImageCharacterView.swift in Sources */ = {isa = PBXBuildFile; fileRef = 6C0486D12BAA0BBC0095BA8C /* ImageCharacterView.swift */; };
/* End PBXBuildFile section */

/* Begin PBXFileReference section */
		6C0486AB2BA9FE280095BA8C /* DragonBallApp.app */ = {isa = PBXFileReference; explicitFileType = wrapper.application; includeInIndex = 0; path = DragonBallApp.app; sourceTree = BUILT_PRODUCTS_DIR; };
		6C0486AE2BA9FE280095BA8C /* DragonBallAppApp.swift */ = {isa = PBXFileReference; lastKnownFileType = sourcecode.swift; path = DragonBallAppApp.swift; sourceTree = "<group>"; };
		6C0486B22BA9FE2A0095BA8C /* Assets.xcassets */ = {isa = PBXFileReference; lastKnownFileType = folder.assetcatalog; path = Assets.xcassets; sourceTree = "<group>"; };
		6C0486B52BA9FE2A0095BA8C /* Preview Assets.xcassets */ = {isa = PBXFileReference; lastKnownFileType = folder.assetcatalog; path = "Preview Assets.xcassets"; sourceTree = "<group>"; };
		6C0486BD2BA9FFB90095BA8C /* NetworkManager.swift */ = {isa = PBXFileReference; lastKnownFileType = sourcecode.swift; path = NetworkManager.swift; sourceTree = "<group>"; };
		6C0486C02BAA00270095BA8C /* DBZCharacter.swift */ = {isa = PBXFileReference; lastKnownFileType = sourcecode.swift; path = DBZCharacter.swift; sourceTree = "<group>"; };
		6C0486C32BAA01D40095BA8C /* DBViewModel.swift */ = {isa = PBXFileReference; lastKnownFileType = sourcecode.swift; path = DBViewModel.swift; sourceTree = "<group>"; };
		6C0486C62BAA02E60095BA8C /* CharactersView.swift */ = {isa = PBXFileReference; lastKnownFileType = sourcecode.swift; path = CharactersView.swift; sourceTree = "<group>"; };
		6C0486CB2BAA07530095BA8C /* DBCharacterCellView.swift */ = {isa = PBXFileReference; lastKnownFileType = sourcecode.swift; path = DBCharacterCellView.swift; sourceTree = "<group>"; };
		6C0486CD2BAA077E0095BA8C /* MockData.swift */ = {isa = PBXFileReference; lastKnownFileType = sourcecode.swift; path = MockData.swift; sourceTree = "<group>"; };
		6C0486CF2BAA0B450095BA8C /* DBCharacterDetailView.swift */ = {isa = PBXFileReference; lastKnownFileType = sourcecode.swift; path = DBCharacterDetailView.swift; sourceTree = "<group>"; };
		6C0486D12BAA0BBC0095BA8C /* ImageCharacterView.swift */ = {isa = PBXFileReference; lastKnownFileType = sourcecode.swift; path = ImageCharacterView.swift; sourceTree = "<group>"; };
/* End PBXFileReference section */

/* Begin PBXFrameworksBuildPhase section */
		6C0486A82BA9FE280095BA8C /* Frameworks */ = {
			isa = PBXFrameworksBuildPhase;
			buildActionMask = 2147483647;
			files = (
				6C0486CA2BAA05260095BA8C /* Kingfisher in Frameworks */,
			);
			runOnlyForDeploymentPostprocessing = 0;
		};
/* End PBXFrameworksBuildPhase section */

/* Begin PBXGroup section */
		6C0486A22BA9FE280095BA8C = {
			isa = PBXGroup;
			children = (
				6C0486AD2BA9FE280095BA8C /* DragonBallApp */,
				6C0486AC2BA9FE280095BA8C /* Products */,
			);
			sourceTree = "<group>";
		};
		6C0486AC2BA9FE280095BA8C /* Products */ = {
			isa = PBXGroup;
			children = (
				6C0486AB2BA9FE280095BA8C /* DragonBallApp.app */,
			);
			name = Products;
			sourceTree = "<group>";
		};
		6C0486AD2BA9FE280095BA8C /* DragonBallApp */ = {
			isa = PBXGroup;
			children = (
				6C0486C52BAA02CF0095BA8C /* Views */,
				6C0486C22BAA01C70095BA8C /* ViewModel */,
				6C0486BF2BAA00210095BA8C /* Model */,
				6C0486BC2BA9FFB20095BA8C /* Network */,
				6C0486AE2BA9FE280095BA8C /* DragonBallAppApp.swift */,
				6C0486B22BA9FE2A0095BA8C /* Assets.xcassets */,
				6C0486B42BA9FE2A0095BA8C /* Preview Content */,
			);
			path = DragonBallApp;
			sourceTree = "<group>";
		};
		6C0486B42BA9FE2A0095BA8C /* Preview Content */ = {
			isa = PBXGroup;
			children = (
				6C0486B52BA9FE2A0095BA8C /* Preview Assets.xcassets */,
			);
			path = "Preview Content";
			sourceTree = "<group>";
		};
		6C0486BC2BA9FFB20095BA8C /* Network */ = {
			isa = PBXGroup;
			children = (
				6C0486BD2BA9FFB90095BA8C /* NetworkManager.swift */,
			);
			path = Network;
			sourceTree = "<group>";
		};
		6C0486BF2BAA00210095BA8C /* Model */ = {
			isa = PBXGroup;
			children = (
				6C0486C02BAA00270095BA8C /* DBZCharacter.swift */,
				6C0486CD2BAA077E0095BA8C /* MockData.swift */,
			);
			path = Model;
			sourceTree = "<group>";
		};
		6C0486C22BAA01C70095BA8C /* ViewModel */ = {
			isa = PBXGroup;
			children = (
				6C0486C32BAA01D40095BA8C /* DBViewModel.swift */,
			);
			path = ViewModel;
			sourceTree = "<group>";
		};
		6C0486C52BAA02CF0095BA8C /* Views */ = {
			isa = PBXGroup;
			children = (
				6C0486C62BAA02E60095BA8C /* CharactersView.swift */,
				6C0486CB2BAA07530095BA8C /* DBCharacterCellView.swift */,
				6C0486CF2BAA0B450095BA8C /* DBCharacterDetailView.swift */,
				6C0486D12BAA0BBC0095BA8C /* ImageCharacterView.swift */,
			);
			path = Views;
			sourceTree = "<group>";
		};
/* End PBXGroup section */

/* Begin PBXNativeTarget section */
		6C0486AA2BA9FE280095BA8C /* DragonBallApp */ = {
			isa = PBXNativeTarget;
			buildConfigurationList = 6C0486B92BA9FE2A0095BA8C /* Build configuration list for PBXNativeTarget "DragonBallApp" */;
			buildPhases = (
				6C0486A72BA9FE280095BA8C /* Sources */,
				6C0486A82BA9FE280095BA8C /* Frameworks */,
				6C0486A92BA9FE280095BA8C /* Resources */,
			);
			buildRules = (
			);
			dependencies = (
			);
			name = DragonBallApp;
			packageProductDependencies = (
				6C0486C92BAA05260095BA8C /* Kingfisher */,
			);
			productName = DragonBallApp;
			productReference = 6C0486AB2BA9FE280095BA8C /* DragonBallApp.app */;
			productType = "com.apple.product-type.application";
		};
/* End PBXNativeTarget section */

/* Begin PBXProject section */
		6C0486A32BA9FE280095BA8C /* Project object */ = {
			isa = PBXProject;
			attributes = {
				BuildIndependentTargetsInParallel = 1;
				LastSwiftUpdateCheck = 1520;
				LastUpgradeCheck = 1520;
				TargetAttributes = {
					6C0486AA2BA9FE280095BA8C = {
						CreatedOnToolsVersion = 15.2;
					};
				};
			};
			buildConfigurationList = 6C0486A62BA9FE280095BA8C /* Build configuration list for PBXProject "DragonBallApp" */;
			compatibilityVersion = "Xcode 14.0";
			developmentRegion = en;
			hasScannedForEncodings = 0;
			knownRegions = (
				en,
				Base,
			);
			mainGroup = 6C0486A22BA9FE280095BA8C;
			packageReferences = (
				6C0486C82BAA05260095BA8C /* XCRemoteSwiftPackageReference "Kingfisher" */,
			);
			productRefGroup = 6C0486AC2BA9FE280095BA8C /* Products */;
			projectDirPath = "";
			projectRoot = "";
			targets = (
				6C0486AA2BA9FE280095BA8C /* DragonBallApp */,
			);
		};
/* End PBXProject section */

/* Begin PBXResourcesBuildPhase section */
		6C0486A92BA9FE280095BA8C /* Resources */ = {
			isa = PBXResourcesBuildPhase;
			buildActionMask = 2147483647;
			files = (
				6C0486B62BA9FE2A0095BA8C /* Preview Assets.xcassets in Resources */,
				6C0486B32BA9FE2A0095BA8C /* Assets.xcassets in Resources */,
			);
			runOnlyForDeploymentPostprocessing = 0;
		};
/* End PBXResourcesBuildPhase section */

/* Begin PBXSourcesBuildPhase section */
		6C0486A72BA9FE280095BA8C /* Sources */ = {
			isa = PBXSourcesBuildPhase;
			buildActionMask = 2147483647;
			files = (
				6C0486D22BAA0BBC0095BA8C /* ImageCharacterView.swift in Sources */,
				6C0486BE2BA9FFB90095BA8C /* NetworkManager.swift in Sources */,
				6C0486C42BAA01D40095BA8C /* DBViewModel.swift in Sources */,
				6C0486CC2BAA07530095BA8C /* DBCharacterCellView.swift in Sources */,
				6C0486C72BAA02E60095BA8C /* CharactersView.swift in Sources */,
				6C0486C12BAA00270095BA8C /* DBZCharacter.swift in Sources */,
				6C0486CE2BAA077E0095BA8C /* MockData.swift in Sources */,
				6C0486AF2BA9FE280095BA8C /* DragonBallAppApp.swift in Sources */,
				6C0486D02BAA0B450095BA8C /* DBCharacterDetailView.swift in Sources */,
			);
			runOnlyForDeploymentPostprocessing = 0;
		};
/* End PBXSourcesBuildPhase section */

/* Begin XCBuildConfiguration section */
		6C0486B72BA9FE2A0095BA8C /* Debug */ = {
			isa = XCBuildConfiguration;
			buildSettings = {
				ALWAYS_SEARCH_USER_PATHS = NO;
				ASSETCATALOG_COMPILER_GENERATE_SWIFT_ASSET_SYMBOL_EXTENSIONS = YES;
				CLANG_ANALYZER_NONNULL = YES;
				CLANG_ANALYZER_NUMBER_OBJECT_CONVERSION = YES_AGGRESSIVE;
				CLANG_CXX_LANGUAGE_STANDARD = "gnu++20";
				CLANG_ENABLE_MODULES = YES;
				CLANG_ENABLE_OBJC_ARC = YES;
				CLANG_ENABLE_OBJC_WEAK = YES;
				CLANG_WARN_BLOCK_CAPTURE_AUTORELEASING = YES;
				CLANG_WARN_BOOL_CONVERSION = YES;
				CLANG_WARN_COMMA = YES;
				CLANG_WARN_CONSTANT_CONVERSION = YES;
				CLANG_WARN_DEPRECATED_OBJC_IMPLEMENTATIONS = YES;
				CLANG_WARN_DIRECT_OBJC_ISA_USAGE = YES_ERROR;
				CLANG_WARN_DOCUMENTATION_COMMENTS = YES;
				CLANG_WARN_EMPTY_BODY = YES;
				CLANG_WARN_ENUM_CONVERSION = YES;
				CLANG_WARN_INFINITE_RECURSION = YES;
				CLANG_WARN_INT_CONVERSION = YES;
				CLANG_WARN_NON_LITERAL_NULL_CONVERSION = YES;
				CLANG_WARN_OBJC_IMPLICIT_RETAIN_SELF = YES;
				CLANG_WARN_OBJC_LITERAL_CONVERSION = YES;
				CLANG_WARN_OBJC_ROOT_CLASS = YES_ERROR;
				CLANG_WARN_QUOTED_INCLUDE_IN_FRAMEWORK_HEADER = YES;
				CLANG_WARN_RANGE_LOOP_ANALYSIS = YES;
				CLANG_WARN_STRICT_PROTOTYPES = YES;
				CLANG_WARN_SUSPICIOUS_MOVE = YES;
				CLANG_WARN_UNGUARDED_AVAILABILITY = YES_AGGRESSIVE;
				CLANG_WARN_UNREACHABLE_CODE = YES;
				CLANG_WARN__DUPLICATE_METHOD_MATCH = YES;
				COPY_PHASE_STRIP = NO;
				DEBUG_INFORMATION_FORMAT = dwarf;
				ENABLE_STRICT_OBJC_MSGSEND = YES;
				ENABLE_TESTABILITY = YES;
				ENABLE_USER_SCRIPT_SANDBOXING = YES;
				GCC_C_LANGUAGE_STANDARD = gnu17;
				GCC_DYNAMIC_NO_PIC = NO;
				GCC_NO_COMMON_BLOCKS = YES;
				GCC_OPTIMIZATION_LEVEL = 0;
				GCC_PREPROCESSOR_DEFINITIONS = (
					"DEBUG=1",
					"$(inherited)",
				);
				GCC_WARN_64_TO_32_BIT_CONVERSION = YES;
				GCC_WARN_ABOUT_RETURN_TYPE = YES_ERROR;
				GCC_WARN_UNDECLARED_SELECTOR = YES;
				GCC_WARN_UNINITIALIZED_AUTOS = YES_AGGRESSIVE;
				GCC_WARN_UNUSED_FUNCTION = YES;
				GCC_WARN_UNUSED_VARIABLE = YES;
				IPHONEOS_DEPLOYMENT_TARGET = 17.2;
				LOCALIZATION_PREFERS_STRING_CATALOGS = YES;
				MTL_ENABLE_DEBUG_INFO = INCLUDE_SOURCE;
				MTL_FAST_MATH = YES;
				ONLY_ACTIVE_ARCH = YES;
				SDKROOT = iphoneos;
				SWIFT_ACTIVE_COMPILATION_CONDITIONS = "DEBUG $(inherited)";
				SWIFT_OPTIMIZATION_LEVEL = "-Onone";
			};
			name = Debug;
		};
		6C0486B82BA9FE2A0095BA8C /* Release */ = {
			isa = XCBuildConfiguration;
			buildSettings = {
				ALWAYS_SEARCH_USER_PATHS = NO;
				ASSETCATALOG_COMPILER_GENERATE_SWIFT_ASSET_SYMBOL_EXTENSIONS = YES;
				CLANG_ANALYZER_NONNULL = YES;
				CLANG_ANALYZER_NUMBER_OBJECT_CONVERSION = YES_AGGRESSIVE;
				CLANG_CXX_LANGUAGE_STANDARD = "gnu++20";
				CLANG_ENABLE_MODULES = YES;
				CLANG_ENABLE_OBJC_ARC = YES;
				CLANG_ENABLE_OBJC_WEAK = YES;
				CLANG_WARN_BLOCK_CAPTURE_AUTORELEASING = YES;
				CLANG_WARN_BOOL_CONVERSION = YES;
				CLANG_WARN_COMMA = YES;
				CLANG_WARN_CONSTANT_CONVERSION = YES;
				CLANG_WARN_DEPRECATED_OBJC_IMPLEMENTATIONS = YES;
				CLANG_WARN_DIRECT_OBJC_ISA_USAGE = YES_ERROR;
				CLANG_WARN_DOCUMENTATION_COMMENTS = YES;
				CLANG_WARN_EMPTY_BODY = YES;
				CLANG_WARN_ENUM_CONVERSION = YES;
				CLANG_WARN_INFINITE_RECURSION = YES;
				CLANG_WARN_INT_CONVERSION = YES;
				CLANG_WARN_NON_LITERAL_NULL_CONVERSION = YES;
				CLANG_WARN_OBJC_IMPLICIT_RETAIN_SELF = YES;
				CLANG_WARN_OBJC_LITERAL_CONVERSION = YES;
				CLANG_WARN_OBJC_ROOT_CLASS = YES_ERROR;
				CLANG_WARN_QUOTED_INCLUDE_IN_FRAMEWORK_HEADER = YES;
				CLANG_WARN_RANGE_LOOP_ANALYSIS = YES;
				CLANG_WARN_STRICT_PROTOTYPES = YES;
				CLANG_WARN_SUSPICIOUS_MOVE = YES;
				CLANG_WARN_UNGUARDED_AVAILABILITY = YES_AGGRESSIVE;
				CLANG_WARN_UNREACHABLE_CODE = YES;
				CLANG_WARN__DUPLICATE_METHOD_MATCH = YES;
				COPY_PHASE_STRIP = NO;
				DEBUG_INFORMATION_FORMAT = "dwarf-with-dsym";
				ENABLE_NS_ASSERTIONS = NO;
				ENABLE_STRICT_OBJC_MSGSEND = YES;
				ENABLE_USER_SCRIPT_SANDBOXING = YES;
				GCC_C_LANGUAGE_STANDARD = gnu17;
				GCC_NO_COMMON_BLOCKS = YES;
				GCC_WARN_64_TO_32_BIT_CONVERSION = YES;
				GCC_WARN_ABOUT_RETURN_TYPE = YES_ERROR;
				GCC_WARN_UNDECLARED_SELECTOR = YES;
				GCC_WARN_UNINITIALIZED_AUTOS = YES_AGGRESSIVE;
				GCC_WARN_UNUSED_FUNCTION = YES;
				GCC_WARN_UNUSED_VARIABLE = YES;
				IPHONEOS_DEPLOYMENT_TARGET = 17.2;
				LOCALIZATION_PREFERS_STRING_CATALOGS = YES;
				MTL_ENABLE_DEBUG_INFO = NO;
				MTL_FAST_MATH = YES;
				SDKROOT = iphoneos;
				SWIFT_COMPILATION_MODE = wholemodule;
				VALIDATE_PRODUCT = YES;
			};
			name = Release;
		};
		6C0486BA2BA9FE2A0095BA8C /* Debug */ = {
			isa = XCBuildConfiguration;
			buildSettings = {
				ASSETCATALOG_COMPILER_APPICON_NAME = AppIcon;
				ASSETCATALOG_COMPILER_GLOBAL_ACCENT_COLOR_NAME = AccentColor;
				CODE_SIGN_STYLE = Automatic;
				CURRENT_PROJECT_VERSION = 1;
				DEVELOPMENT_ASSET_PATHS = "\"DragonBallApp/Preview Content\"";
				DEVELOPMENT_TEAM = V5U53J8M62;
				ENABLE_PREVIEWS = YES;
				GENERATE_INFOPLIST_FILE = YES;
				INFOPLIST_KEY_UIApplicationSceneManifest_Generation = YES;
				INFOPLIST_KEY_UIApplicationSupportsIndirectInputEvents = YES;
				INFOPLIST_KEY_UILaunchScreen_Generation = YES;
				INFOPLIST_KEY_UISupportedInterfaceOrientations_iPad = "UIInterfaceOrientationPortrait UIInterfaceOrientationPortraitUpsideDown UIInterfaceOrientationLandscapeLeft UIInterfaceOrientationLandscapeRight";
				INFOPLIST_KEY_UISupportedInterfaceOrientations_iPhone = "UIInterfaceOrientationPortrait UIInterfaceOrientationLandscapeLeft UIInterfaceOrientationLandscapeRight";
				LD_RUNPATH_SEARCH_PATHS = (
					"$(inherited)",
					"@executable_path/Frameworks",
				);
				MARKETING_VERSION = 1.0;
				PRODUCT_BUNDLE_IDENTIFIER = com.rotadevsolutions.DragonBallApp;
				PRODUCT_NAME = "$(TARGET_NAME)";
				SWIFT_EMIT_LOC_STRINGS = YES;
				SWIFT_VERSION = 5.0;
				TARGETED_DEVICE_FAMILY = "1,2";
			};
			name = Debug;
		};
		6C0486BB2BA9FE2A0095BA8C /* Release */ = {
			isa = XCBuildConfiguration;
			buildSettings = {
				ASSETCATALOG_COMPILER_APPICON_NAME = AppIcon;
				ASSETCATALOG_COMPILER_GLOBAL_ACCENT_COLOR_NAME = AccentColor;
				CODE_SIGN_STYLE = Automatic;
				CURRENT_PROJECT_VERSION = 1;
				DEVELOPMENT_ASSET_PATHS = "\"DragonBallApp/Preview Content\"";
				DEVELOPMENT_TEAM = V5U53J8M62;
				ENABLE_PREVIEWS = YES;
				GENERATE_INFOPLIST_FILE = YES;
				INFOPLIST_KEY_UIApplicationSceneManifest_Generation = YES;
				INFOPLIST_KEY_UIApplicationSupportsIndirectInputEvents = YES;
				INFOPLIST_KEY_UILaunchScreen_Generation = YES;
				INFOPLIST_KEY_UISupportedInterfaceOrientations_iPad = "UIInterfaceOrientationPortrait UIInterfaceOrientationPortraitUpsideDown UIInterfaceOrientationLandscapeLeft UIInterfaceOrientationLandscapeRight";
				INFOPLIST_KEY_UISupportedInterfaceOrientations_iPhone = "UIInterfaceOrientationPortrait UIInterfaceOrientationLandscapeLeft UIInterfaceOrientationLandscapeRight";
				LD_RUNPATH_SEARCH_PATHS = (
					"$(inherited)",
					"@executable_path/Frameworks",
				);
				MARKETING_VERSION = 1.0;
				PRODUCT_BUNDLE_IDENTIFIER = com.rotadevsolutions.DragonBallApp;
				PRODUCT_NAME = "$(TARGET_NAME)";
				SWIFT_EMIT_LOC_STRINGS = YES;
				SWIFT_VERSION = 5.0;
				TARGETED_DEVICE_FAMILY = "1,2";
			};
			name = Release;
		};
/* End XCBuildConfiguration section */

/* Begin XCConfigurationList section */
		6C0486A62BA9FE280095BA8C /* Build configuration list for PBXProject "DragonBallApp" */ = {
			isa = XCConfigurationList;
			buildConfigurations = (
				6C0486B72BA9FE2A0095BA8C /* Debug */,
				6C0486B82BA9FE2A0095BA8C /* Release */,
			);
			defaultConfigurationIsVisible = 0;
			defaultConfigurationName = Release;
		};
		6C0486B92BA9FE2A0095BA8C /* Build configuration list for PBXNativeTarget "DragonBallApp" */ = {
			isa = XCConfigurationList;
			buildConfigurations = (
				6C0486BA2BA9FE2A0095BA8C /* Debug */,
				6C0486BB2BA9FE2A0095BA8C /* Release */,
			);
			defaultConfigurationIsVisible = 0;
			defaultConfigurationName = Release;
		};
/* End XCConfigurationList section */

/* Begin XCRemoteSwiftPackageReference section */
		6C0486C82BAA05260095BA8C /* XCRemoteSwiftPackageReference "Kingfisher" */ = {
			isa = XCRemoteSwiftPackageReference;
			repositoryURL = "https://github.com/onevcat/Kingfisher";
			requirement = {
				kind = upToNextMajorVersion;
				minimumVersion = 7.11.0;
			};
		};
/* End XCRemoteSwiftPackageReference section */

/* Begin XCSwiftPackageProductDependency section */
		6C0486C92BAA05260095BA8C /* Kingfisher */ = {
			isa = XCSwiftPackageProductDependency;
			package = 6C0486C82BAA05260095BA8C /* XCRemoteSwiftPackageReference "Kingfisher" */;
			productName = Kingfisher;
		};
/* End XCSwiftPackageProductDependency section */
	};
	rootObject = 6C0486A32BA9FE280095BA8C /* Project object */;
}
